
Microsoft Visual Studio Solution File, Format Version 12.00
# Visual Studio Version 16
VisualStudioVersion = 16.0.30413.136
MinimumVisualStudioVersion = 10.0.40219.1
Project("{FAE04EC0-301F-11D3-BF4B-00C04F79EFBC}") = "Formulario Novo", "Formulario Novo\Formulario Novo.csproj", "{38A422DA-0FE0-4293-9657-E2C436945454}"
EndProject
Project("{FAE04EC0-301F-11D3-BF4B-00C04F79EFBC}") = "CamadaLogicaNegocios", "CamadaLogicaNegocios\CamadaLogicaNegocios.csproj", "{2388EA1B-4BAB-4251-B265-B8AE823E71B2}"
EndProject
Project("{FAE04EC0-301F-11D3-BF4B-00C04F79EFBC}") = "CamadaDeServicos", "CamadaDeServicos\CamadaDeServicos.csproj", "{80BD843A-FB04-48AD-B951-C2645B478096}"
EndProject
Global
	GlobalSection(SolutionConfigurationPlatforms) = preSolution
		Debug|Any CPU = Debug|Any CPU
		Release|Any CPU = Release|Any CPU
	EndGlobalSection
	GlobalSection(ProjectConfigurationPlatforms) = postSolution
		{38A422DA-0FE0-4293-9657-E2C436945454}.Debug|Any CPU.ActiveCfg = Debug|Any CPU
		{38A422DA-0FE0-4293-9657-E2C436945454}.Debug|Any CPU.Build.0 = Debug|Any CPU
		{38A422DA-0FE0-4293-9657-E2C436945454}.Release|Any CPU.ActiveCfg = Release|Any CPU
		{38A422DA-0FE0-4293-9657-E2C436945454}.Release|Any CPU.Build.0 = Release|Any CPU
		{2388EA1B-4BAB-4251-B265-B8AE823E71B2}.Debug|Any CPU.ActiveCfg = Debug|Any CPU
		{2388EA1B-4BAB-4251-B265-B8AE823E71B2}.Debug|Any CPU.Build.0 = Debug|Any CPU
		{2388EA1B-4BAB-4251-B265-B8AE823E71B2}.Release|Any CPU.ActiveCfg = Release|Any CPU
		{2388EA1B-4BAB-4251-B265-B8AE823E71B2}.Release|Any CPU.Build.0 = Release|Any CPU
		{80BD843A-FB04-48AD-B951-C2645B478096}.Debug|Any CPU.ActiveCfg = Debug|Any CPU
		{80BD843A-FB04-48AD-B951-C2645B478096}.Debug|Any CPU.Build.0 = Debug|Any CPU
		{80BD843A-FB04-48AD-B951-C2645B478096}.Release|Any CPU.ActiveCfg = Release|Any CPU
		{80BD843A-FB04-48AD-B951-C2645B478096}.Release|Any CPU.Build.0 = Release|Any CPU
	EndGlobalSection
	GlobalSection(SolutionProperties) = preSolution
		HideSolutionNode = FALSE
	EndGlobalSection
	GlobalSection(ExtensibilityGlobals) = postSolution
		SolutionGuid = {DDA9C825-7699-4B37-930B-89396D00455F}
	EndGlobalSection
EndGlobal
